
Microsoft Visual Studio Solution File, Format Version 12.00
# Visual Studio Version 17
VisualStudioVersion = 17.12.35707.178 d17.12
MinimumVisualStudioVersion = 10.0.40219.1
Project("{FAE04EC0-301F-11D3-BF4B-00C04F79EFBC}") = "web_app_sistemainfo", "web_app_sistemainfo.csproj", "{0ED35AF0-3F64-4891-AD54-AA9E31EA2353}"
EndProject
Project("{FAE04EC0-301F-11D3-BF4B-00C04F79EFBC}") = "web_app_sistemainfo.Tests", "..\web_app_sistemainfo.Tests\web_app_sistemainfo.Tests.csproj", "{B55B4D91-121C-4155-A65F-032B55D28A98}"
EndProject
Global
	GlobalSection(SolutionConfigurationPlatforms) = preSolution
		Debug|Any CPU = Debug|Any CPU
		Release|Any CPU = Release|Any CPU
	EndGlobalSection
	GlobalSection(ProjectConfigurationPlatforms) = postSolution
		{0ED35AF0-3F64-4891-AD54-AA9E31EA2353}.Debug|Any CPU.ActiveCfg = Debug|Any CPU
		{0ED35AF0-3F64-4891-AD54-AA9E31EA2353}.Debug|Any CPU.Build.0 = Debug|Any CPU
		{0ED35AF0-3F64-4891-AD54-AA9E31EA2353}.Release|Any CPU.ActiveCfg = Release|Any CPU
		{0ED35AF0-3F64-4891-AD54-AA9E31EA2353}.Release|Any CPU.Build.0 = Release|Any CPU
		{B55B4D91-121C-4155-A65F-032B55D28A98}.Debug|Any CPU.ActiveCfg = Debug|Any CPU
		{B55B4D91-121C-4155-A65F-032B55D28A98}.Debug|Any CPU.Build.0 = Debug|Any CPU
		{B55B4D91-121C-4155-A65F-032B55D28A98}.Release|Any CPU.ActiveCfg = Release|Any CPU
		{B55B4D91-121C-4155-A65F-032B55D28A98}.Release|Any CPU.Build.0 = Release|Any CPU
	EndGlobalSection
	GlobalSection(SolutionProperties) = preSolution
		HideSolutionNode = FALSE
	EndGlobalSection
EndGlobal
